
Microsoft Visual Studio Solution File, Format Version 12.00
# Visual Studio Version 17
VisualStudioVersion = 17.13.35507.96
MinimumVisualStudioVersion = 10.0.40219.1
Project("{2150E333-8FDC-42A3-9474-1A3956D46DE8}") = "API", "API", "{E08A4663-6771-477F-8E31-7EF279441201}"
EndProject
Project("{2150E333-8FDC-42A3-9474-1A3956D46DE8}") = "Modules", "Modules", "{E32B569B-9E32-4E98-B5F9-BAACBBECA454}"
EndProject
Project("{2150E333-8FDC-42A3-9474-1A3956D46DE8}") = "Tests", "Tests", "{9BB8B512-9063-4A79-AD29-9E373EEA3208}"
EndProject
Project("{2150E333-8FDC-42A3-9474-1A3956D46DE8}") = "Users", "Users", "{45E3B125-519E-451B-82AF-A3F32DC3B855}"
EndProject
Project("{FAE04EC0-301F-11D3-BF4B-00C04F79EFBC}") = "Users.Application", "Modules\Users\Users.Application\Users.Application.csproj", "{FED7B7FE-FE76-4659-966D-5753936E411C}"
EndProject
Project("{FAE04EC0-301F-11D3-BF4B-00C04F79EFBC}") = "Users.Domain", "Modules\Users\Users.Domain\Users.Domain.csproj", "{7C20A28E-A341-403A-ABFF-002FD1167A46}"
EndProject
Project("{FAE04EC0-301F-11D3-BF4B-00C04F79EFBC}") = "Users.Infrastructure", "Modules\Users\Users.Infrastructure\Users.Infrastructure.csproj", "{115FF979-D82A-4210-9D20-4AAA9E9AF639}"
EndProject
Project("{FAE04EC0-301F-11D3-BF4B-00C04F79EFBC}") = "Users.IntegrationEvents", "Modules\Users\Users.IntegrationEvents\Users.IntegrationEvents.csproj", "{BFEBEBC2-0210-413B-9F7A-C5585695A9B2}"
EndProject
Project("{FAE04EC0-301F-11D3-BF4B-00C04F79EFBC}") = "QuizApp.API", "API\QuizApp.API\QuizApp.API.csproj", "{16F76BC4-82DF-4969-A9E6-1B6D90A62105}"
EndProject
Project("{2150E333-8FDC-42A3-9474-1A3956D46DE8}") = "Quiz", "Quiz", "{D69C8911-A3BE-4CB2-8501-7BFD1425F3AC}"
EndProject
Project("{E53339B2-1760-4266-BCC7-CA923CBCF16C}") = "docker-compose", "docker-compose.dcproj", "{81DDED9D-158B-E303-5F62-77A2896D2A5A}"
EndProject
Project("{FAE04EC0-301F-11D3-BF4B-00C04F79EFBC}") = "Quiz.Application", "Modules\Quiz\Quiz.Application\Quiz.Application.csproj", "{BCBA00AC-0090-41EA-862F-58F9F5B0CC9F}"
EndProject
Project("{FAE04EC0-301F-11D3-BF4B-00C04F79EFBC}") = "Quiz.Infrastructure", "Modules\Quiz\Quiz.Infrastructure\Quiz.Infrastructure.csproj", "{AA7C9B91-609A-4013-9724-026271688AA8}"
EndProject
Project("{FAE04EC0-301F-11D3-BF4B-00C04F79EFBC}") = "Quiz.Presentation", "Modules\Quiz\Quiz.Presentation\Quiz.Presentation.csproj", "{419BE16E-31EB-4DCB-87A2-BB03381ED986}"
EndProject
Project("{FAE04EC0-301F-11D3-BF4B-00C04F79EFBC}") = "Quiz.Domain", "Modules\Quiz\Quiz.Domain\Quiz.Domain.csproj", "{C9AC2B96-E52B-4C1F-826D-BE1BB6EB2D52}"
EndProject
Project("{2150E333-8FDC-42A3-9474-1A3956D46DE8}") = "Common", "Common", "{02EA681E-C7D8-13C7-8484-4AC65E1B71E8}"
EndProject
Project("{FAE04EC0-301F-11D3-BF4B-00C04F79EFBC}") = "Common.Application", "Common\Common.Application\Common.Application.csproj", "{120A88DB-692C-4142-88EE-07ADC7745790}"
EndProject
Project("{FAE04EC0-301F-11D3-BF4B-00C04F79EFBC}") = "Common.Domain", "Common\Common.Domain\Common.Domain.csproj", "{D270B3CA-0554-424C-9C18-0EACE5CD0A9F}"
EndProject
Project("{FAE04EC0-301F-11D3-BF4B-00C04F79EFBC}") = "Common.Infrastructure", "Common\Common.Infrastructure\Common.Infrastructure.csproj", "{D8FA00FC-3B45-4B10-A7C4-E50640454B3C}"
EndProject
Project("{FAE04EC0-301F-11D3-BF4B-00C04F79EFBC}") = "Common.Presentation", "Common\Common.Presentation\Common.Presentation.csproj", "{5A09D13E-94C8-4886-91D1-05856E33D630}"
EndProject
Project("{FAE04EC0-301F-11D3-BF4B-00C04F79EFBC}") = "Users.Presentation", "Modules\Users\Users.Presentation\Users.Presentation.csproj", "{D12FE67E-601B-421B-8260-C8CAB5236EE6}"
EndProject
Project("{2150E333-8FDC-42A3-9474-1A3956D46DE8}") = "Subscriptions", "Subscriptions", "{0376D821-F07F-4C93-BA8D-F7B7F6B8801E}"
EndProject
Project("{FAE04EC0-301F-11D3-BF4B-00C04F79EFBC}") = "Subscriptions.Domain", "Modules\Subscriptions\Subscriptions.Domain\Subscriptions.Domain.csproj", "{C62419C1-51B2-45D1-B0B3-7D0A2CF61FCF}"
EndProject
Project("{FAE04EC0-301F-11D3-BF4B-00C04F79EFBC}") = "Subscriptions.Application", "Modules\Subscriptions\Subscriptions.Application\Subscriptions.Application.csproj", "{35A05FD2-B254-4166-85BB-82B6DCC98016}"
EndProject
Project("{FAE04EC0-301F-11D3-BF4B-00C04F79EFBC}") = "Subscriptions.Infrustructure", "Modules\Subscriptions\Subscriptions.Infrustructure\Subscriptions.Infrustructure.csproj", "{6F4EEB7D-8544-460D-88AB-330C2BBA7AA8}"
EndProject
Project("{FAE04EC0-301F-11D3-BF4B-00C04F79EFBC}") = "Subscriptions.Presentation", "Modules\Subscriptions\Subscriptions.Presentation\Subscriptions.Presentation.csproj", "{EAD8A861-95A9-4804-8BDC-B047DC56CC30}"
EndProject
Project("{2150E333-8FDC-42A3-9474-1A3956D46DE8}") = "Solution Items", "Solution Items", "{8EC462FD-D22E-90A8-E5CE-7E832BA40C5D}"
	ProjectSection(SolutionItems) = preProject
		context-diagram.txt = context-diagram.txt
	EndProjectSection
EndProject
Project("{FAE04EC0-301F-11D3-BF4B-00C04F79EFBC}") = "Subscriptions.IntegrationEvents", "Modules\Subscriptions\Subscriptions.IntegrationEvents\Subscriptions.IntegrationEvents.csproj", "{26E106FB-5662-4DF5-BFDD-365DE0291E50}"
EndProject
Global
	GlobalSection(SolutionConfigurationPlatforms) = preSolution
		Debug|Any CPU = Debug|Any CPU
		Release|Any CPU = Release|Any CPU
	EndGlobalSection
	GlobalSection(ProjectConfigurationPlatforms) = postSolution
		{FED7B7FE-FE76-4659-966D-5753936E411C}.Debug|Any CPU.ActiveCfg = Debug|Any CPU
		{FED7B7FE-FE76-4659-966D-5753936E411C}.Debug|Any CPU.Build.0 = Debug|Any CPU
		{FED7B7FE-FE76-4659-966D-5753936E411C}.Release|Any CPU.ActiveCfg = Release|Any CPU
		{FED7B7FE-FE76-4659-966D-5753936E411C}.Release|Any CPU.Build.0 = Release|Any CPU
		{7C20A28E-A341-403A-ABFF-002FD1167A46}.Debug|Any CPU.ActiveCfg = Debug|Any CPU
		{7C20A28E-A341-403A-ABFF-002FD1167A46}.Debug|Any CPU.Build.0 = Debug|Any CPU
		{7C20A28E-A341-403A-ABFF-002FD1167A46}.Release|Any CPU.ActiveCfg = Release|Any CPU
		{7C20A28E-A341-403A-ABFF-002FD1167A46}.Release|Any CPU.Build.0 = Release|Any CPU
		{115FF979-D82A-4210-9D20-4AAA9E9AF639}.Debug|Any CPU.ActiveCfg = Debug|Any CPU
		{115FF979-D82A-4210-9D20-4AAA9E9AF639}.Debug|Any CPU.Build.0 = Debug|Any CPU
		{115FF979-D82A-4210-9D20-4AAA9E9AF639}.Release|Any CPU.ActiveCfg = Release|Any CPU
		{115FF979-D82A-4210-9D20-4AAA9E9AF639}.Release|Any CPU.Build.0 = Release|Any CPU
		{BFEBEBC2-0210-413B-9F7A-C5585695A9B2}.Debug|Any CPU.ActiveCfg = Debug|Any CPU
		{BFEBEBC2-0210-413B-9F7A-C5585695A9B2}.Debug|Any CPU.Build.0 = Debug|Any CPU
		{BFEBEBC2-0210-413B-9F7A-C5585695A9B2}.Release|Any CPU.ActiveCfg = Release|Any CPU
		{BFEBEBC2-0210-413B-9F7A-C5585695A9B2}.Release|Any CPU.Build.0 = Release|Any CPU
		{16F76BC4-82DF-4969-A9E6-1B6D90A62105}.Debug|Any CPU.ActiveCfg = Debug|Any CPU
		{16F76BC4-82DF-4969-A9E6-1B6D90A62105}.Debug|Any CPU.Build.0 = Debug|Any CPU
		{16F76BC4-82DF-4969-A9E6-1B6D90A62105}.Release|Any CPU.ActiveCfg = Release|Any CPU
		{16F76BC4-82DF-4969-A9E6-1B6D90A62105}.Release|Any CPU.Build.0 = Release|Any CPU
		{81DDED9D-158B-E303-5F62-77A2896D2A5A}.Debug|Any CPU.ActiveCfg = Debug|Any CPU
		{81DDED9D-158B-E303-5F62-77A2896D2A5A}.Debug|Any CPU.Build.0 = Debug|Any CPU
		{81DDED9D-158B-E303-5F62-77A2896D2A5A}.Release|Any CPU.ActiveCfg = Release|Any CPU
		{81DDED9D-158B-E303-5F62-77A2896D2A5A}.Release|Any CPU.Build.0 = Release|Any CPU
		{BCBA00AC-0090-41EA-862F-58F9F5B0CC9F}.Debug|Any CPU.ActiveCfg = Debug|Any CPU
		{BCBA00AC-0090-41EA-862F-58F9F5B0CC9F}.Debug|Any CPU.Build.0 = Debug|Any CPU
		{BCBA00AC-0090-41EA-862F-58F9F5B0CC9F}.Release|Any CPU.ActiveCfg = Release|Any CPU
		{BCBA00AC-0090-41EA-862F-58F9F5B0CC9F}.Release|Any CPU.Build.0 = Release|Any CPU
		{AA7C9B91-609A-4013-9724-026271688AA8}.Debug|Any CPU.ActiveCfg = Debug|Any CPU
		{AA7C9B91-609A-4013-9724-026271688AA8}.Debug|Any CPU.Build.0 = Debug|Any CPU
		{AA7C9B91-609A-4013-9724-026271688AA8}.Release|Any CPU.ActiveCfg = Release|Any CPU
		{AA7C9B91-609A-4013-9724-026271688AA8}.Release|Any CPU.Build.0 = Release|Any CPU
		{419BE16E-31EB-4DCB-87A2-BB03381ED986}.Debug|Any CPU.ActiveCfg = Debug|Any CPU
		{419BE16E-31EB-4DCB-87A2-BB03381ED986}.Debug|Any CPU.Build.0 = Debug|Any CPU
		{419BE16E-31EB-4DCB-87A2-BB03381ED986}.Release|Any CPU.ActiveCfg = Release|Any CPU
		{419BE16E-31EB-4DCB-87A2-BB03381ED986}.Release|Any CPU.Build.0 = Release|Any CPU
		{C9AC2B96-E52B-4C1F-826D-BE1BB6EB2D52}.Debug|Any CPU.ActiveCfg = Debug|Any CPU
		{C9AC2B96-E52B-4C1F-826D-BE1BB6EB2D52}.Debug|Any CPU.Build.0 = Debug|Any CPU
		{C9AC2B96-E52B-4C1F-826D-BE1BB6EB2D52}.Release|Any CPU.ActiveCfg = Release|Any CPU
		{C9AC2B96-E52B-4C1F-826D-BE1BB6EB2D52}.Release|Any CPU.Build.0 = Release|Any CPU
		{120A88DB-692C-4142-88EE-07ADC7745790}.Debug|Any CPU.ActiveCfg = Debug|Any CPU
		{120A88DB-692C-4142-88EE-07ADC7745790}.Debug|Any CPU.Build.0 = Debug|Any CPU
		{120A88DB-692C-4142-88EE-07ADC7745790}.Release|Any CPU.ActiveCfg = Release|Any CPU
		{120A88DB-692C-4142-88EE-07ADC7745790}.Release|Any CPU.Build.0 = Release|Any CPU
		{D270B3CA-0554-424C-9C18-0EACE5CD0A9F}.Debug|Any CPU.ActiveCfg = Debug|Any CPU
		{D270B3CA-0554-424C-9C18-0EACE5CD0A9F}.Debug|Any CPU.Build.0 = Debug|Any CPU
		{D270B3CA-0554-424C-9C18-0EACE5CD0A9F}.Release|Any CPU.ActiveCfg = Release|Any CPU
		{D270B3CA-0554-424C-9C18-0EACE5CD0A9F}.Release|Any CPU.Build.0 = Release|Any CPU
		{D8FA00FC-3B45-4B10-A7C4-E50640454B3C}.Debug|Any CPU.ActiveCfg = Debug|Any CPU
		{D8FA00FC-3B45-4B10-A7C4-E50640454B3C}.Debug|Any CPU.Build.0 = Debug|Any CPU
		{D8FA00FC-3B45-4B10-A7C4-E50640454B3C}.Release|Any CPU.ActiveCfg = Release|Any CPU
		{D8FA00FC-3B45-4B10-A7C4-E50640454B3C}.Release|Any CPU.Build.0 = Release|Any CPU
		{5A09D13E-94C8-4886-91D1-05856E33D630}.Debug|Any CPU.ActiveCfg = Debug|Any CPU
		{5A09D13E-94C8-4886-91D1-05856E33D630}.Debug|Any CPU.Build.0 = Debug|Any CPU
		{5A09D13E-94C8-4886-91D1-05856E33D630}.Release|Any CPU.ActiveCfg = Release|Any CPU
		{5A09D13E-94C8-4886-91D1-05856E33D630}.Release|Any CPU.Build.0 = Release|Any CPU
		{D12FE67E-601B-421B-8260-C8CAB5236EE6}.Debug|Any CPU.ActiveCfg = Debug|Any CPU
		{D12FE67E-601B-421B-8260-C8CAB5236EE6}.Debug|Any CPU.Build.0 = Debug|Any CPU
		{D12FE67E-601B-421B-8260-C8CAB5236EE6}.Release|Any CPU.ActiveCfg = Release|Any CPU
		{D12FE67E-601B-421B-8260-C8CAB5236EE6}.Release|Any CPU.Build.0 = Release|Any CPU
		{C62419C1-51B2-45D1-B0B3-7D0A2CF61FCF}.Debug|Any CPU.ActiveCfg = Debug|Any CPU
		{C62419C1-51B2-45D1-B0B3-7D0A2CF61FCF}.Debug|Any CPU.Build.0 = Debug|Any CPU
		{C62419C1-51B2-45D1-B0B3-7D0A2CF61FCF}.Release|Any CPU.ActiveCfg = Release|Any CPU
		{C62419C1-51B2-45D1-B0B3-7D0A2CF61FCF}.Release|Any CPU.Build.0 = Release|Any CPU
		{35A05FD2-B254-4166-85BB-82B6DCC98016}.Debug|Any CPU.ActiveCfg = Debug|Any CPU
		{35A05FD2-B254-4166-85BB-82B6DCC98016}.Debug|Any CPU.Build.0 = Debug|Any CPU
		{35A05FD2-B254-4166-85BB-82B6DCC98016}.Release|Any CPU.ActiveCfg = Release|Any CPU
		{35A05FD2-B254-4166-85BB-82B6DCC98016}.Release|Any CPU.Build.0 = Release|Any CPU
		{6F4EEB7D-8544-460D-88AB-330C2BBA7AA8}.Debug|Any CPU.ActiveCfg = Debug|Any CPU
		{6F4EEB7D-8544-460D-88AB-330C2BBA7AA8}.Debug|Any CPU.Build.0 = Debug|Any CPU
		{6F4EEB7D-8544-460D-88AB-330C2BBA7AA8}.Release|Any CPU.ActiveCfg = Release|Any CPU
		{6F4EEB7D-8544-460D-88AB-330C2BBA7AA8}.Release|Any CPU.Build.0 = Release|Any CPU
		{EAD8A861-95A9-4804-8BDC-B047DC56CC30}.Debug|Any CPU.ActiveCfg = Debug|Any CPU
		{EAD8A861-95A9-4804-8BDC-B047DC56CC30}.Debug|Any CPU.Build.0 = Debug|Any CPU
		{EAD8A861-95A9-4804-8BDC-B047DC56CC30}.Release|Any CPU.ActiveCfg = Release|Any CPU
		{EAD8A861-95A9-4804-8BDC-B047DC56CC30}.Release|Any CPU.Build.0 = Release|Any CPU
		{26E106FB-5662-4DF5-BFDD-365DE0291E50}.Debug|Any CPU.ActiveCfg = Debug|Any CPU
		{26E106FB-5662-4DF5-BFDD-365DE0291E50}.Debug|Any CPU.Build.0 = Debug|Any CPU
		{26E106FB-5662-4DF5-BFDD-365DE0291E50}.Release|Any CPU.ActiveCfg = Release|Any CPU
		{26E106FB-5662-4DF5-BFDD-365DE0291E50}.Release|Any CPU.Build.0 = Release|Any CPU
	EndGlobalSection
	GlobalSection(SolutionProperties) = preSolution
		HideSolutionNode = FALSE
	EndGlobalSection
	GlobalSection(NestedProjects) = preSolution
		{45E3B125-519E-451B-82AF-A3F32DC3B855} = {E32B569B-9E32-4E98-B5F9-BAACBBECA454}
		{FED7B7FE-FE76-4659-966D-5753936E411C} = {45E3B125-519E-451B-82AF-A3F32DC3B855}
		{7C20A28E-A341-403A-ABFF-002FD1167A46} = {45E3B125-519E-451B-82AF-A3F32DC3B855}
		{115FF979-D82A-4210-9D20-4AAA9E9AF639} = {45E3B125-519E-451B-82AF-A3F32DC3B855}
		{BFEBEBC2-0210-413B-9F7A-C5585695A9B2} = {45E3B125-519E-451B-82AF-A3F32DC3B855}
		{16F76BC4-82DF-4969-A9E6-1B6D90A62105} = {E08A4663-6771-477F-8E31-7EF279441201}
		{D69C8911-A3BE-4CB2-8501-7BFD1425F3AC} = {E32B569B-9E32-4E98-B5F9-BAACBBECA454}
		{BCBA00AC-0090-41EA-862F-58F9F5B0CC9F} = {D69C8911-A3BE-4CB2-8501-7BFD1425F3AC}
		{AA7C9B91-609A-4013-9724-026271688AA8} = {D69C8911-A3BE-4CB2-8501-7BFD1425F3AC}
		{419BE16E-31EB-4DCB-87A2-BB03381ED986} = {D69C8911-A3BE-4CB2-8501-7BFD1425F3AC}
		{C9AC2B96-E52B-4C1F-826D-BE1BB6EB2D52} = {D69C8911-A3BE-4CB2-8501-7BFD1425F3AC}
		{120A88DB-692C-4142-88EE-07ADC7745790} = {02EA681E-C7D8-13C7-8484-4AC65E1B71E8}
		{D270B3CA-0554-424C-9C18-0EACE5CD0A9F} = {02EA681E-C7D8-13C7-8484-4AC65E1B71E8}
		{D8FA00FC-3B45-4B10-A7C4-E50640454B3C} = {02EA681E-C7D8-13C7-8484-4AC65E1B71E8}
		{5A09D13E-94C8-4886-91D1-05856E33D630} = {02EA681E-C7D8-13C7-8484-4AC65E1B71E8}
		{D12FE67E-601B-421B-8260-C8CAB5236EE6} = {45E3B125-519E-451B-82AF-A3F32DC3B855}
		{0376D821-F07F-4C93-BA8D-F7B7F6B8801E} = {E32B569B-9E32-4E98-B5F9-BAACBBECA454}
		{C62419C1-51B2-45D1-B0B3-7D0A2CF61FCF} = {0376D821-F07F-4C93-BA8D-F7B7F6B8801E}
		{35A05FD2-B254-4166-85BB-82B6DCC98016} = {0376D821-F07F-4C93-BA8D-F7B7F6B8801E}
		{6F4EEB7D-8544-460D-88AB-330C2BBA7AA8} = {0376D821-F07F-4C93-BA8D-F7B7F6B8801E}
		{EAD8A861-95A9-4804-8BDC-B047DC56CC30} = {0376D821-F07F-4C93-BA8D-F7B7F6B8801E}
		{26E106FB-5662-4DF5-BFDD-365DE0291E50} = {0376D821-F07F-4C93-BA8D-F7B7F6B8801E}
	EndGlobalSection
	GlobalSection(ExtensibilityGlobals) = postSolution
		SolutionGuid = {9F319EEB-CCD5-4CEE-870C-B93A4445CB19}
	EndGlobalSection
EndGlobal
